<?xml version="1.0" encoding="utf-8"?>
<Project ToolsVersion="4.0" xmlns="http://schemas.microsoft.com/developer/msbuild/2003">
  <ItemGroup>
    <Filter Include="Includes">
      <UniqueIdentifier>{93995380-89BD-4b04-88EB-625FBE52EBFB}</UniqueIdentifier>
      <Extensions>h;hh;hpp;hxx;hm;inl;inc;xsd</Extensions>
    </Filter>
    <Filter Include="Codes">
      <UniqueIdentifier>{4FC737F1-C7A5-4376-A066-2A32D752A2FF}</UniqueIdentifier>
      <Extensions>cpp;c;cc;cxx;def;odl;idl;hpj;bat;asm;asmx</Extensions>
    </Filter>
    <Filter Include="Resourses">
      <UniqueIdentifier>{67DA6AB6-F800-4c08-8B7A-83BB121AAD01}</UniqueIdentifier>
      <Extensions>rc;ico;cur;bmp;dlg;rc2;rct;bin;rgs;gif;jpg;jpeg;jpe;resx;tiff;tif;png;wav;mfcribbon-ms</Extensions>
    </Filter>
    <Filter Include="Dumps">
      <UniqueIdentifier>{c6d345cc-0ff4-4f9d-b907-30687496e01f}</UniqueIdentifier>
    </Filter>
    <Filter Include="Tests">
      <UniqueIdentifier>{c595a31a-841c-4055-9e9e-8226f2fc2c9d}</UniqueIdentifier>
    </Filter>
    <Filter Include="Includes\Vector">
      <UniqueIdentifier>{c237f448-2a49-48ea-8297-bdd912eeb8ca}</UniqueIdentifier>
    </Filter>
    <Filter Include="Includes\Objects">
      <UniqueIdentifier>{e68f8da7-bf26-4d36-9a9c-14b3a82da8a0}</UniqueIdentifier>
    </Filter>
  </ItemGroup>
  <ItemGroup>
    <ClInclude Include="Includes\Vector\Vector.h">
      <Filter>Includes\Vector</Filter>
    </ClInclude>
    <ClInclude Include="Includes\Engine.h">
      <Filter>Includes</Filter>
    </ClInclude>
    <ClInclude Include="Includes\Objects\Object.h">
      <Filter>Includes\Objects</Filter>
    </ClInclude>
    <ClInclude Include="Includes\Objects\Barrier.h">
      <Filter>Includes\Objects</Filter>
    </ClInclude>
    <ClInclude Include="Includes\Objects\Background.h">
      <Filter>Includes\Objects</Filter>
    </ClInclude>
    <ClInclude Include="Includes\Objects\NPS.h">
      <Filter>Includes\Objects</Filter>
    </ClInclude>
    <ClInclude Include="Includes\Objects\PowerUP.h">
      <Filter>Includes\Objects</Filter>
    </ClInclude>
    <ClInclude Include="Includes\Objects\Train.h">
      <Filter>Includes\Objects</Filter>
    </ClInclude>
    <ClInclude Include="Includes\Objects\Conductor.h">
      <Filter>Includes\Objects</Filter>
    </ClInclude>
    <ClInclude Include="Includes\Objects\Obstruction.h">
      <Filter>Includes\Objects</Filter>
    </ClInclude>
    <ClInclude Include="Includes\Objects\Hero.h">
      <Filter>Includes\Objects</Filter>
    </ClInclude>
  </ItemGroup>
  <ItemGroup>
    <ClCompile Include="Tests\test_1.cpp">
      <Filter>Tests</Filter>
    </ClCompile>
    <ClCompile Include="Tests\Test_Vector.cpp">
      <Filter>Tests</Filter>
    </ClCompile>
    <ClCompile Include="Tests\Test_Object.cpp">
      <Filter>Tests</Filter>
    </ClCompile>
    <ClCompile Include="Code\Main.cpp">
      <Filter>Codes</Filter>
    </ClCompile>
  </ItemGroup>
</Project>